// !$*UTF8*$!
{
	archiveVersion = 1;
	classes = {
	};
	objectVersion = 55;
	objects = {

/* Begin PBXBuildFile section */
		1CB9AEEC27E8B94500046E2C /* CombineAsyncAwaitDemoApp.swift in Sources */ = {isa = PBXBuildFile; fileRef = 1CB9AEEB27E8B94500046E2C /* CombineAsyncAwaitDemoApp.swift */; };
		1CB9AEEE27E8B94500046E2C /* ContentView.swift in Sources */ = {isa = PBXBuildFile; fileRef = 1CB9AEED27E8B94500046E2C /* ContentView.swift */; };
		1CB9AEF027E8B94900046E2C /* Assets.xcassets in Resources */ = {isa = PBXBuildFile; fileRef = 1CB9AEEF27E8B94900046E2C /* Assets.xcassets */; };
		1CB9AEF327E8B94900046E2C /* Preview Assets.xcassets in Resources */ = {isa = PBXBuildFile; fileRef = 1CB9AEF227E8B94900046E2C /* Preview Assets.xcassets */; };
		1CB9AEFD27E8B94900046E2C /* MandSPrep4Tests.swift in Sources */ = {isa = PBXBuildFile; fileRef = 1CB9AEFC27E8B94900046E2C /* MandSPrep4Tests.swift */; };
		1CB9AF0727E8B94900046E2C /* MandSPrep4UITests.swift in Sources */ = {isa = PBXBuildFile; fileRef = 1CB9AF0627E8B94900046E2C /* MandSPrep4UITests.swift */; };
		1CB9AF0927E8B94900046E2C /* MandSPrep4UITestsLaunchTests.swift in Sources */ = {isa = PBXBuildFile; fileRef = 1CB9AF0827E8B94900046E2C /* MandSPrep4UITestsLaunchTests.swift */; };
		1CB9AF1627E8B99600046E2C /* FeedLoadable.swift in Sources */ = {isa = PBXBuildFile; fileRef = 1CB9AF1527E8B99600046E2C /* FeedLoadable.swift */; };
		1CB9AF1827E8BA3500046E2C /* FeedItem.swift in Sources */ = {isa = PBXBuildFile; fileRef = 1CB9AF1727E8BA3500046E2C /* FeedItem.swift */; };
		1CB9AF1A27E8BAB800046E2C /* RemoteFeedLoader.swift in Sources */ = {isa = PBXBuildFile; fileRef = 1CB9AF1927E8BAB800046E2C /* RemoteFeedLoader.swift */; };
		1CB9AF2327E8C28500046E2C /* FeedViewModel.swift in Sources */ = {isa = PBXBuildFile; fileRef = 1CB9AF2227E8C28500046E2C /* FeedViewModel.swift */; };
/* End PBXBuildFile section */

/* Begin PBXContainerItemProxy section */
		1CB9AEF927E8B94900046E2C /* PBXContainerItemProxy */ = {
			isa = PBXContainerItemProxy;
			containerPortal = 1CB9AEE027E8B94500046E2C /* Project object */;
			proxyType = 1;
			remoteGlobalIDString = 1CB9AEE727E8B94500046E2C;
			remoteInfo = MandSPrep4;
		};
		1CB9AF0327E8B94900046E2C /* PBXContainerItemProxy */ = {
			isa = PBXContainerItemProxy;
			containerPortal = 1CB9AEE027E8B94500046E2C /* Project object */;
			proxyType = 1;
			remoteGlobalIDString = 1CB9AEE727E8B94500046E2C;
			remoteInfo = MandSPrep4;
		};
/* End PBXContainerItemProxy section */

/* Begin PBXFileReference section */
		1CB9AEE827E8B94500046E2C /* CombineAndAsyncAwaitMVVMDemo.app */ = {isa = PBXFileReference; explicitFileType = wrapper.application; includeInIndex = 0; path = CombineAndAsyncAwaitMVVMDemo.app; sourceTree = BUILT_PRODUCTS_DIR; };
		1CB9AEEB27E8B94500046E2C /* CombineAsyncAwaitDemoApp.swift */ = {isa = PBXFileReference; lastKnownFileType = sourcecode.swift; path = CombineAsyncAwaitDemoApp.swift; sourceTree = "<group>"; };
		1CB9AEED27E8B94500046E2C /* ContentView.swift */ = {isa = PBXFileReference; lastKnownFileType = sourcecode.swift; path = ContentView.swift; sourceTree = "<group>"; };
		1CB9AEEF27E8B94900046E2C /* Assets.xcassets */ = {isa = PBXFileReference; lastKnownFileType = folder.assetcatalog; path = Assets.xcassets; sourceTree = "<group>"; };
		1CB9AEF227E8B94900046E2C /* Preview Assets.xcassets */ = {isa = PBXFileReference; lastKnownFileType = folder.assetcatalog; path = "Preview Assets.xcassets"; sourceTree = "<group>"; };
		1CB9AEF827E8B94900046E2C /* CombineAndAsyncAwaitMVVMDemoTests.xctest */ = {isa = PBXFileReference; explicitFileType = wrapper.cfbundle; includeInIndex = 0; path = CombineAndAsyncAwaitMVVMDemoTests.xctest; sourceTree = BUILT_PRODUCTS_DIR; };
		1CB9AEFC27E8B94900046E2C /* MandSPrep4Tests.swift */ = {isa = PBXFileReference; lastKnownFileType = sourcecode.swift; path = MandSPrep4Tests.swift; sourceTree = "<group>"; };
		1CB9AF0227E8B94900046E2C /* CombineAndAsyncAwaitMVVMDemoUITests.xctest */ = {isa = PBXFileReference; explicitFileType = wrapper.cfbundle; includeInIndex = 0; path = CombineAndAsyncAwaitMVVMDemoUITests.xctest; sourceTree = BUILT_PRODUCTS_DIR; };
		1CB9AF0627E8B94900046E2C /* MandSPrep4UITests.swift */ = {isa = PBXFileReference; lastKnownFileType = sourcecode.swift; path = MandSPrep4UITests.swift; sourceTree = "<group>"; };
		1CB9AF0827E8B94900046E2C /* MandSPrep4UITestsLaunchTests.swift */ = {isa = PBXFileReference; lastKnownFileType = sourcecode.swift; path = MandSPrep4UITestsLaunchTests.swift; sourceTree = "<group>"; };
		1CB9AF1527E8B99600046E2C /* FeedLoadable.swift */ = {isa = PBXFileReference; lastKnownFileType = sourcecode.swift; path = FeedLoadable.swift; sourceTree = "<group>"; };
		1CB9AF1727E8BA3500046E2C /* FeedItem.swift */ = {isa = PBXFileReference; lastKnownFileType = sourcecode.swift; path = FeedItem.swift; sourceTree = "<group>"; };
		1CB9AF1927E8BAB800046E2C /* RemoteFeedLoader.swift */ = {isa = PBXFileReference; lastKnownFileType = sourcecode.swift; path = RemoteFeedLoader.swift; sourceTree = "<group>"; };
		1CB9AF2227E8C28500046E2C /* FeedViewModel.swift */ = {isa = PBXFileReference; lastKnownFileType = sourcecode.swift; path = FeedViewModel.swift; sourceTree = "<group>"; };
/* End PBXFileReference section */

/* Begin PBXFrameworksBuildPhase section */
		1CB9AEE527E8B94500046E2C /* Frameworks */ = {
			isa = PBXFrameworksBuildPhase;
			buildActionMask = 2147483647;
			files = (
			);
			runOnlyForDeploymentPostprocessing = 0;
		};
		1CB9AEF527E8B94900046E2C /* Frameworks */ = {
			isa = PBXFrameworksBuildPhase;
			buildActionMask = 2147483647;
			files = (
			);
			runOnlyForDeploymentPostprocessing = 0;
		};
		1CB9AEFF27E8B94900046E2C /* Frameworks */ = {
			isa = PBXFrameworksBuildPhase;
			buildActionMask = 2147483647;
			files = (
			);
			runOnlyForDeploymentPostprocessing = 0;
		};
/* End PBXFrameworksBuildPhase section */

/* Begin PBXGroup section */
		1CB9AEDF27E8B94500046E2C = {
			isa = PBXGroup;
			children = (
				1CB9AEEA27E8B94500046E2C /* CombineAsyncAwaitDemo */,
				1CB9AEFB27E8B94900046E2C /* CombineAsyncAwaitDemoTests */,
				1CB9AF0527E8B94900046E2C /* CombineAsyncAwaitDemoUITests */,
				1CB9AEE927E8B94500046E2C /* Products */,
			);
			sourceTree = "<group>";
		};
		1CB9AEE927E8B94500046E2C /* Products */ = {
			isa = PBXGroup;
			children = (
				1CB9AEE827E8B94500046E2C /* CombineAndAsyncAwaitMVVMDemo.app */,
				1CB9AEF827E8B94900046E2C /* CombineAndAsyncAwaitMVVMDemoTests.xctest */,
				1CB9AF0227E8B94900046E2C /* CombineAndAsyncAwaitMVVMDemoUITests.xctest */,
			);
			name = Products;
			sourceTree = "<group>";
		};
		1CB9AEEA27E8B94500046E2C /* CombineAsyncAwaitDemo */ = {
			isa = PBXGroup;
			children = (
				1CB9AF1B27E8BB1D00046E2C /* Feed Feature */,
				1CB9AF2527E8DD4100046E2C /* Model */,
				1CB9AF1C27E8BB5B00046E2C /* API Service */,
				1CB9AF2127E8C27200046E2C /* ViewModel */,
				1CB9AF2427E8D53500046E2C /* View */,
				1CB9AEEF27E8B94900046E2C /* Assets.xcassets */,
				1CB9AEEB27E8B94500046E2C /* CombineAsyncAwaitDemoApp.swift */,
				1CB9AEF127E8B94900046E2C /* Preview Content */,
			);
			path = CombineAsyncAwaitDemo;
			sourceTree = "<group>";
		};
		1CB9AEF127E8B94900046E2C /* Preview Content */ = {
			isa = PBXGroup;
			children = (
				1CB9AEF227E8B94900046E2C /* Preview Assets.xcassets */,
			);
			path = "Preview Content";
			sourceTree = "<group>";
		};
		1CB9AEFB27E8B94900046E2C /* CombineAsyncAwaitDemoTests */ = {
			isa = PBXGroup;
			children = (
				1CB9AEFC27E8B94900046E2C /* MandSPrep4Tests.swift */,
			);
			path = CombineAsyncAwaitDemoTests;
			sourceTree = "<group>";
		};
		1CB9AF0527E8B94900046E2C /* CombineAsyncAwaitDemoUITests */ = {
			isa = PBXGroup;
			children = (
				1CB9AF0627E8B94900046E2C /* MandSPrep4UITests.swift */,
				1CB9AF0827E8B94900046E2C /* MandSPrep4UITestsLaunchTests.swift */,
			);
			path = CombineAsyncAwaitDemoUITests;
			sourceTree = "<group>";
		};
		1CB9AF1B27E8BB1D00046E2C /* Feed Feature */ = {
			isa = PBXGroup;
			children = (
				1CB9AF1527E8B99600046E2C /* FeedLoadable.swift */,
			);
			path = "Feed Feature";
			sourceTree = "<group>";
		};
		1CB9AF1C27E8BB5B00046E2C /* API Service */ = {
			isa = PBXGroup;
			children = (
				1CB9AF1927E8BAB800046E2C /* RemoteFeedLoader.swift */,
			);
			path = "API Service";
			sourceTree = "<group>";
		};
		1CB9AF2127E8C27200046E2C /* ViewModel */ = {
			isa = PBXGroup;
			children = (
				1CB9AF2227E8C28500046E2C /* FeedViewModel.swift */,
			);
			path = ViewModel;
			sourceTree = "<group>";
		};
		1CB9AF2427E8D53500046E2C /* View */ = {
			isa = PBXGroup;
			children = (
				1CB9AEED27E8B94500046E2C /* ContentView.swift */,
			);
			path = View;
			sourceTree = "<group>";
		};
		1CB9AF2527E8DD4100046E2C /* Model */ = {
			isa = PBXGroup;
			children = (
				1CB9AF1727E8BA3500046E2C /* FeedItem.swift */,
			);
			path = Model;
			sourceTree = "<group>";
		};
/* End PBXGroup section */

/* Begin PBXNativeTarget section */
		1CB9AEE727E8B94500046E2C /* CombineAndAsyncAwaitMVVMDemo */ = {
			isa = PBXNativeTarget;
			buildConfigurationList = 1CB9AF0C27E8B94900046E2C /* Build configuration list for PBXNativeTarget "CombineAndAsyncAwaitMVVMDemo" */;
			buildPhases = (
				1CB9AEE427E8B94500046E2C /* Sources */,
				1CB9AEE527E8B94500046E2C /* Frameworks */,
				1CB9AEE627E8B94500046E2C /* Resources */,
			);
			buildRules = (
			);
			dependencies = (
			);
			name = CombineAndAsyncAwaitMVVMDemo;
			productName = MandSPrep4;
			productReference = 1CB9AEE827E8B94500046E2C /* CombineAndAsyncAwaitMVVMDemo.app */;
			productType = "com.apple.product-type.application";
		};
		1CB9AEF727E8B94900046E2C /* CombineAndAsyncAwaitMVVMDemoTests */ = {
			isa = PBXNativeTarget;
			buildConfigurationList = 1CB9AF0F27E8B94900046E2C /* Build configuration list for PBXNativeTarget "CombineAndAsyncAwaitMVVMDemoTests" */;
			buildPhases = (
				1CB9AEF427E8B94900046E2C /* Sources */,
				1CB9AEF527E8B94900046E2C /* Frameworks */,
				1CB9AEF627E8B94900046E2C /* Resources */,
			);
			buildRules = (
			);
			dependencies = (
				1CB9AEFA27E8B94900046E2C /* PBXTargetDependency */,
			);
			name = CombineAndAsyncAwaitMVVMDemoTests;
			productName = MandSPrep4Tests;
			productReference = 1CB9AEF827E8B94900046E2C /* CombineAndAsyncAwaitMVVMDemoTests.xctest */;
			productType = "com.apple.product-type.bundle.unit-test";
		};
		1CB9AF0127E8B94900046E2C /* CombineAndAsyncAwaitMVVMDemoUITests */ = {
			isa = PBXNativeTarget;
			buildConfigurationList = 1CB9AF1227E8B94900046E2C /* Build configuration list for PBXNativeTarget "CombineAndAsyncAwaitMVVMDemoUITests" */;
			buildPhases = (
				1CB9AEFE27E8B94900046E2C /* Sources */,
				1CB9AEFF27E8B94900046E2C /* Frameworks */,
				1CB9AF0027E8B94900046E2C /* Resources */,
			);
			buildRules = (
			);
			dependencies = (
				1CB9AF0427E8B94900046E2C /* PBXTargetDependency */,
			);
			name = CombineAndAsyncAwaitMVVMDemoUITests;
			productName = MandSPrep4UITests;
			productReference = 1CB9AF0227E8B94900046E2C /* CombineAndAsyncAwaitMVVMDemoUITests.xctest */;
			productType = "com.apple.product-type.bundle.ui-testing";
		};
/* End PBXNativeTarget section */

/* Begin PBXProject section */
		1CB9AEE027E8B94500046E2C /* Project object */ = {
			isa = PBXProject;
			attributes = {
				BuildIndependentTargetsInParallel = 1;
				LastSwiftUpdateCheck = 1320;
				LastUpgradeCheck = 1320;
				TargetAttributes = {
					1CB9AEE727E8B94500046E2C = {
						CreatedOnToolsVersion = 13.2.1;
					};
					1CB9AEF727E8B94900046E2C = {
						CreatedOnToolsVersion = 13.2.1;
						TestTargetID = 1CB9AEE727E8B94500046E2C;
					};
					1CB9AF0127E8B94900046E2C = {
						CreatedOnToolsVersion = 13.2.1;
						TestTargetID = 1CB9AEE727E8B94500046E2C;
					};
				};
			};
			buildConfigurationList = 1CB9AEE327E8B94500046E2C /* Build configuration list for PBXProject "CombineAndAsyncAwaitMVVMDemo" */;
			compatibilityVersion = "Xcode 13.0";
			developmentRegion = en;
			hasScannedForEncodings = 0;
			knownRegions = (
				en,
				Base,
			);
			mainGroup = 1CB9AEDF27E8B94500046E2C;
			productRefGroup = 1CB9AEE927E8B94500046E2C /* Products */;
			projectDirPath = "";
			projectRoot = "";
			targets = (
				1CB9AEE727E8B94500046E2C /* CombineAndAsyncAwaitMVVMDemo */,
				1CB9AEF727E8B94900046E2C /* CombineAndAsyncAwaitMVVMDemoTests */,
				1CB9AF0127E8B94900046E2C /* CombineAndAsyncAwaitMVVMDemoUITests */,
			);
		};
/* End PBXProject section */

/* Begin PBXResourcesBuildPhase section */
		1CB9AEE627E8B94500046E2C /* Resources */ = {
			isa = PBXResourcesBuildPhase;
			buildActionMask = 2147483647;
			files = (
				1CB9AEF327E8B94900046E2C /* Preview Assets.xcassets in Resources */,
				1CB9AEF027E8B94900046E2C /* Assets.xcassets in Resources */,
			);
			runOnlyForDeploymentPostprocessing = 0;
		};
		1CB9AEF627E8B94900046E2C /* Resources */ = {
			isa = PBXResourcesBuildPhase;
			buildActionMask = 2147483647;
			files = (
			);
			runOnlyForDeploymentPostprocessing = 0;
		};
		1CB9AF0027E8B94900046E2C /* Resources */ = {
			isa = PBXResourcesBuildPhase;
			buildActionMask = 2147483647;
			files = (
			);
			runOnlyForDeploymentPostprocessing = 0;
		};
/* End PBXResourcesBuildPhase section */

/* Begin PBXSourcesBuildPhase section */
		1CB9AEE427E8B94500046E2C /* Sources */ = {
			isa = PBXSourcesBuildPhase;
			buildActionMask = 2147483647;
			files = (
				1CB9AF1827E8BA3500046E2C /* FeedItem.swift in Sources */,
				1CB9AEEE27E8B94500046E2C /* ContentView.swift in Sources */,
				1CB9AEEC27E8B94500046E2C /* CombineAsyncAwaitDemoApp.swift in Sources */,
				1CB9AF1A27E8BAB800046E2C /* RemoteFeedLoader.swift in Sources */,
				1CB9AF2327E8C28500046E2C /* FeedViewModel.swift in Sources */,
				1CB9AF1627E8B99600046E2C /* FeedLoadable.swift in Sources */,
			);
			runOnlyForDeploymentPostprocessing = 0;
		};
		1CB9AEF427E8B94900046E2C /* Sources */ = {
			isa = PBXSourcesBuildPhase;
			buildActionMask = 2147483647;
			files = (
				1CB9AEFD27E8B94900046E2C /* MandSPrep4Tests.swift in Sources */,
			);
			runOnlyForDeploymentPostprocessing = 0;
		};
		1CB9AEFE27E8B94900046E2C /* Sources */ = {
			isa = PBXSourcesBuildPhase;
			buildActionMask = 2147483647;
			files = (
				1CB9AF0927E8B94900046E2C /* MandSPrep4UITestsLaunchTests.swift in Sources */,
				1CB9AF0727E8B94900046E2C /* MandSPrep4UITests.swift in Sources */,
			);
			runOnlyForDeploymentPostprocessing = 0;
		};
/* End PBXSourcesBuildPhase section */

/* Begin PBXTargetDependency section */
		1CB9AEFA27E8B94900046E2C /* PBXTargetDependency */ = {
			isa = PBXTargetDependency;
			target = 1CB9AEE727E8B94500046E2C /* CombineAndAsyncAwaitMVVMDemo */;
			targetProxy = 1CB9AEF927E8B94900046E2C /* PBXContainerItemProxy */;
		};
		1CB9AF0427E8B94900046E2C /* PBXTargetDependency */ = {
			isa = PBXTargetDependency;
			target = 1CB9AEE727E8B94500046E2C /* CombineAndAsyncAwaitMVVMDemo */;
			targetProxy = 1CB9AF0327E8B94900046E2C /* PBXContainerItemProxy */;
		};
/* End PBXTargetDependency section */

/* Begin XCBuildConfiguration section */
		1CB9AF0A27E8B94900046E2C /* Debug */ = {
			isa = XCBuildConfiguration;
			buildSettings = {
				ALWAYS_SEARCH_USER_PATHS = NO;
				CLANG_ANALYZER_NONNULL = YES;
				CLANG_ANALYZER_NUMBER_OBJECT_CONVERSION = YES_AGGRESSIVE;
				CLANG_CXX_LANGUAGE_STANDARD = "gnu++17";
				CLANG_CXX_LIBRARY = "libc++";
				CLANG_ENABLE_MODULES = YES;
				CLANG_ENABLE_OBJC_ARC = YES;
				CLANG_ENABLE_OBJC_WEAK = YES;
				CLANG_WARN_BLOCK_CAPTURE_AUTORELEASING = YES;
				CLANG_WARN_BOOL_CONVERSION = YES;
				CLANG_WARN_COMMA = YES;
				CLANG_WARN_CONSTANT_CONVERSION = YES;
				CLANG_WARN_DEPRECATED_OBJC_IMPLEMENTATIONS = YES;
				CLANG_WARN_DIRECT_OBJC_ISA_USAGE = YES_ERROR;
				CLANG_WARN_DOCUMENTATION_COMMENTS = YES;
				CLANG_WARN_EMPTY_BODY = YES;
				CLANG_WARN_ENUM_CONVERSION = YES;
				CLANG_WARN_INFINITE_RECURSION = YES;
				CLANG_WARN_INT_CONVERSION = YES;
				CLANG_WARN_NON_LITERAL_NULL_CONVERSION = YES;
				CLANG_WARN_OBJC_IMPLICIT_RETAIN_SELF = YES;
				CLANG_WARN_OBJC_LITERAL_CONVERSION = YES;
				CLANG_WARN_OBJC_ROOT_CLASS = YES_ERROR;
				CLANG_WARN_QUOTED_INCLUDE_IN_FRAMEWORK_HEADER = YES;
				CLANG_WARN_RANGE_LOOP_ANALYSIS = YES;
				CLANG_WARN_STRICT_PROTOTYPES = YES;
				CLANG_WARN_SUSPICIOUS_MOVE = YES;
				CLANG_WARN_UNGUARDED_AVAILABILITY = YES_AGGRESSIVE;
				CLANG_WARN_UNREACHABLE_CODE = YES;
				CLANG_WARN__DUPLICATE_METHOD_MATCH = YES;
				COPY_PHASE_STRIP = NO;
				DEBUG_INFORMATION_FORMAT = dwarf;
				ENABLE_STRICT_OBJC_MSGSEND = YES;
				ENABLE_TESTABILITY = YES;
				GCC_C_LANGUAGE_STANDARD = gnu11;
				GCC_DYNAMIC_NO_PIC = NO;
				GCC_NO_COMMON_BLOCKS = YES;
				GCC_OPTIMIZATION_LEVEL = 0;
				GCC_PREPROCESSOR_DEFINITIONS = (
					"DEBUG=1",
					"$(inherited)",
				);
				GCC_WARN_64_TO_32_BIT_CONVERSION = YES;
				GCC_WARN_ABOUT_RETURN_TYPE = YES_ERROR;
				GCC_WARN_UNDECLARED_SELECTOR = YES;
				GCC_WARN_UNINITIALIZED_AUTOS = YES_AGGRESSIVE;
				GCC_WARN_UNUSED_FUNCTION = YES;
				GCC_WARN_UNUSED_VARIABLE = YES;
				IPHONEOS_DEPLOYMENT_TARGET = 15.2;
				MTL_ENABLE_DEBUG_INFO = INCLUDE_SOURCE;
				MTL_FAST_MATH = YES;
				ONLY_ACTIVE_ARCH = YES;
				SDKROOT = iphoneos;
				SWIFT_ACTIVE_COMPILATION_CONDITIONS = DEBUG;
				SWIFT_OPTIMIZATION_LEVEL = "-Onone";
			};
			name = Debug;
		};
		1CB9AF0B27E8B94900046E2C /* Release */ = {
			isa = XCBuildConfiguration;
			buildSettings = {
				ALWAYS_SEARCH_USER_PATHS = NO;
				CLANG_ANALYZER_NONNULL = YES;
				CLANG_ANALYZER_NUMBER_OBJECT_CONVERSION = YES_AGGRESSIVE;
				CLANG_CXX_LANGUAGE_STANDARD = "gnu++17";
				CLANG_CXX_LIBRARY = "libc++";
				CLANG_ENABLE_MODULES = YES;
				CLANG_ENABLE_OBJC_ARC = YES;
				CLANG_ENABLE_OBJC_WEAK = YES;
				CLANG_WARN_BLOCK_CAPTURE_AUTORELEASING = YES;
				CLANG_WARN_BOOL_CONVERSION = YES;
				CLANG_WARN_COMMA = YES;
				CLANG_WARN_CONSTANT_CONVERSION = YES;
				CLANG_WARN_DEPRECATED_OBJC_IMPLEMENTATIONS = YES;
				CLANG_WARN_DIRECT_OBJC_ISA_USAGE = YES_ERROR;
				CLANG_WARN_DOCUMENTATION_COMMENTS = YES;
				CLANG_WARN_EMPTY_BODY = YES;
				CLANG_WARN_ENUM_CONVERSION = YES;
				CLANG_WARN_INFINITE_RECURSION = YES;
				CLANG_WARN_INT_CONVERSION = YES;
				CLANG_WARN_NON_LITERAL_NULL_CONVERSION = YES;
				CLANG_WARN_OBJC_IMPLICIT_RETAIN_SELF = YES;
				CLANG_WARN_OBJC_LITERAL_CONVERSION = YES;
				CLANG_WARN_OBJC_ROOT_CLASS = YES_ERROR;
				CLANG_WARN_QUOTED_INCLUDE_IN_FRAMEWORK_HEADER = YES;
				CLANG_WARN_RANGE_LOOP_ANALYSIS = YES;
				CLANG_WARN_STRICT_PROTOTYPES = YES;
				CLANG_WARN_SUSPICIOUS_MOVE = YES;
				CLANG_WARN_UNGUARDED_AVAILABILITY = YES_AGGRESSIVE;
				CLANG_WARN_UNREACHABLE_CODE = YES;
				CLANG_WARN__DUPLICATE_METHOD_MATCH = YES;
				COPY_PHASE_STRIP = NO;
				DEBUG_INFORMATION_FORMAT = "dwarf-with-dsym";
				ENABLE_NS_ASSERTIONS = NO;
				ENABLE_STRICT_OBJC_MSGSEND = YES;
				GCC_C_LANGUAGE_STANDARD = gnu11;
				GCC_NO_COMMON_BLOCKS = YES;
				GCC_WARN_64_TO_32_BIT_CONVERSION = YES;
				GCC_WARN_ABOUT_RETURN_TYPE = YES_ERROR;
				GCC_WARN_UNDECLARED_SELECTOR = YES;
				GCC_WARN_UNINITIALIZED_AUTOS = YES_AGGRESSIVE;
				GCC_WARN_UNUSED_FUNCTION = YES;
				GCC_WARN_UNUSED_VARIABLE = YES;
				IPHONEOS_DEPLOYMENT_TARGET = 15.2;
				MTL_ENABLE_DEBUG_INFO = NO;
				MTL_FAST_MATH = YES;
				SDKROOT = iphoneos;
				SWIFT_COMPILATION_MODE = wholemodule;
				SWIFT_OPTIMIZATION_LEVEL = "-O";
				VALIDATE_PRODUCT = YES;
			};
			name = Release;
		};
		1CB9AF0D27E8B94900046E2C /* Debug */ = {
			isa = XCBuildConfiguration;
			buildSettings = {
				ASSETCATALOG_COMPILER_APPICON_NAME = AppIcon;
				ASSETCATALOG_COMPILER_GLOBAL_ACCENT_COLOR_NAME = AccentColor;
				CODE_SIGN_STYLE = Automatic;
				CURRENT_PROJECT_VERSION = 1;
				DEVELOPMENT_ASSET_PATHS = "\"CombineAsyncAwaitDemo/Preview Content\"";
				ENABLE_PREVIEWS = YES;
				GENERATE_INFOPLIST_FILE = YES;
				INFOPLIST_KEY_UIApplicationSceneManifest_Generation = YES;
				INFOPLIST_KEY_UIApplicationSupportsIndirectInputEvents = YES;
				INFOPLIST_KEY_UILaunchScreen_Generation = YES;
				INFOPLIST_KEY_UISupportedInterfaceOrientations_iPad = "UIInterfaceOrientationPortrait UIInterfaceOrientationPortraitUpsideDown UIInterfaceOrientationLandscapeLeft UIInterfaceOrientationLandscapeRight";
				INFOPLIST_KEY_UISupportedInterfaceOrientations_iPhone = "UIInterfaceOrientationPortrait UIInterfaceOrientationLandscapeLeft UIInterfaceOrientationLandscapeRight";
				LD_RUNPATH_SEARCH_PATHS = (
					"$(inherited)",
					"@executable_path/Frameworks",
				);
				MARKETING_VERSION = 1.0;
				PRODUCT_BUNDLE_IDENTIFIER = com.Dell.MandSPrep4;
				PRODUCT_NAME = "$(TARGET_NAME)";
				SWIFT_EMIT_LOC_STRINGS = YES;
				SWIFT_VERSION = 5.0;
				TARGETED_DEVICE_FAMILY = "1,2";
			};
			name = Debug;
		};
		1CB9AF0E27E8B94900046E2C /* Release */ = {
			isa = XCBuildConfiguration;
			buildSettings = {
				ASSETCATALOG_COMPILER_APPICON_NAME = AppIcon;
				ASSETCATALOG_COMPILER_GLOBAL_ACCENT_COLOR_NAME = AccentColor;
				CODE_SIGN_STYLE = Automatic;
				CURRENT_PROJECT_VERSION = 1;
				DEVELOPMENT_ASSET_PATHS = "\"CombineAsyncAwaitDemo/Preview Content\"";
				ENABLE_PREVIEWS = YES;
				GENERATE_INFOPLIST_FILE = YES;
				INFOPLIST_KEY_UIApplicationSceneManifest_Generation = YES;
				INFOPLIST_KEY_UIApplicationSupportsIndirectInputEvents = YES;
				INFOPLIST_KEY_UILaunchScreen_Generation = YES;
				INFOPLIST_KEY_UISupportedInterfaceOrientations_iPad = "UIInterfaceOrientationPortrait UIInterfaceOrientationPortraitUpsideDown UIInterfaceOrientationLandscapeLeft UIInterfaceOrientationLandscapeRight";
				INFOPLIST_KEY_UISupportedInterfaceOrientations_iPhone = "UIInterfaceOrientationPortrait UIInterfaceOrientationLandscapeLeft UIInterfaceOrientationLandscapeRight";
				LD_RUNPATH_SEARCH_PATHS = (
					"$(inherited)",
					"@executable_path/Frameworks",
				);
				MARKETING_VERSION = 1.0;
				PRODUCT_BUNDLE_IDENTIFIER = com.Dell.MandSPrep4;
				PRODUCT_NAME = "$(TARGET_NAME)";
				SWIFT_EMIT_LOC_STRINGS = YES;
				SWIFT_VERSION = 5.0;
				TARGETED_DEVICE_FAMILY = "1,2";
			};
			name = Release;
		};
		1CB9AF1027E8B94900046E2C /* Debug */ = {
			isa = XCBuildConfiguration;
			buildSettings = {
				ALWAYS_EMBED_SWIFT_STANDARD_LIBRARIES = YES;
				BUNDLE_LOADER = "$(TEST_HOST)";
				CODE_SIGN_STYLE = Automatic;
				CURRENT_PROJECT_VERSION = 1;
				GENERATE_INFOPLIST_FILE = YES;
				IPHONEOS_DEPLOYMENT_TARGET = 15.2;
				MARKETING_VERSION = 1.0;
				PRODUCT_BUNDLE_IDENTIFIER = com.Dell.MandSPrep4Tests;
				PRODUCT_NAME = "$(TARGET_NAME)";
				SWIFT_EMIT_LOC_STRINGS = NO;
				SWIFT_VERSION = 5.0;
				TARGETED_DEVICE_FAMILY = "1,2";
				TEST_HOST = "$(BUILT_PRODUCTS_DIR)/CombineAndAsyncAwaitMVVMDemo.app/CombineAndAsyncAwaitMVVMDemo";
			};
			name = Debug;
		};
		1CB9AF1127E8B94900046E2C /* Release */ = {
			isa = XCBuildConfiguration;
			buildSettings = {
				ALWAYS_EMBED_SWIFT_STANDARD_LIBRARIES = YES;
				BUNDLE_LOADER = "$(TEST_HOST)";
				CODE_SIGN_STYLE = Automatic;
				CURRENT_PROJECT_VERSION = 1;
				GENERATE_INFOPLIST_FILE = YES;
				IPHONEOS_DEPLOYMENT_TARGET = 15.2;
				MARKETING_VERSION = 1.0;
				PRODUCT_BUNDLE_IDENTIFIER = com.Dell.MandSPrep4Tests;
				PRODUCT_NAME = "$(TARGET_NAME)";
				SWIFT_EMIT_LOC_STRINGS = NO;
				SWIFT_VERSION = 5.0;
				TARGETED_DEVICE_FAMILY = "1,2";
				TEST_HOST = "$(BUILT_PRODUCTS_DIR)/CombineAndAsyncAwaitMVVMDemo.app/CombineAndAsyncAwaitMVVMDemo";
			};
			name = Release;
		};
		1CB9AF1327E8B94900046E2C /* Debug */ = {
			isa = XCBuildConfiguration;
			buildSettings = {
				ALWAYS_EMBED_SWIFT_STANDARD_LIBRARIES = YES;
				CODE_SIGN_STYLE = Automatic;
				CURRENT_PROJECT_VERSION = 1;
				GENERATE_INFOPLIST_FILE = YES;
				MARKETING_VERSION = 1.0;
				PRODUCT_BUNDLE_IDENTIFIER = com.Dell.MandSPrep4UITests;
				PRODUCT_NAME = "$(TARGET_NAME)";
				SWIFT_EMIT_LOC_STRINGS = NO;
				SWIFT_VERSION = 5.0;
				TARGETED_DEVICE_FAMILY = "1,2";
				TEST_TARGET_NAME = MandSPrep4;
			};
			name = Debug;
		};
		1CB9AF1427E8B94900046E2C /* Release */ = {
			isa = XCBuildConfiguration;
			buildSettings = {
				ALWAYS_EMBED_SWIFT_STANDARD_LIBRARIES = YES;
				CODE_SIGN_STYLE = Automatic;
				CURRENT_PROJECT_VERSION = 1;
				GENERATE_INFOPLIST_FILE = YES;
				MARKETING_VERSION = 1.0;
				PRODUCT_BUNDLE_IDENTIFIER = com.Dell.MandSPrep4UITests;
				PRODUCT_NAME = "$(TARGET_NAME)";
				SWIFT_EMIT_LOC_STRINGS = NO;
				SWIFT_VERSION = 5.0;
				TARGETED_DEVICE_FAMILY = "1,2";
				TEST_TARGET_NAME = MandSPrep4;
			};
			name = Release;
		};
/* End XCBuildConfiguration section */

/* Begin XCConfigurationList section */
		1CB9AEE327E8B94500046E2C /* Build configuration list for PBXProject "CombineAndAsyncAwaitMVVMDemo" */ = {
			isa = XCConfigurationList;
			buildConfigurations = (
				1CB9AF0A27E8B94900046E2C /* Debug */,
				1CB9AF0B27E8B94900046E2C /* Release */,
			);
			defaultConfigurationIsVisible = 0;
			defaultConfigurationName = Release;
		};
		1CB9AF0C27E8B94900046E2C /* Build configuration list for PBXNativeTarget "CombineAndAsyncAwaitMVVMDemo" */ = {
			isa = XCConfigurationList;
			buildConfigurations = (
				1CB9AF0D27E8B94900046E2C /* Debug */,
				1CB9AF0E27E8B94900046E2C /* Release */,
			);
			defaultConfigurationIsVisible = 0;
			defaultConfigurationName = Release;
		};
		1CB9AF0F27E8B94900046E2C /* Build configuration list for PBXNativeTarget "CombineAndAsyncAwaitMVVMDemoTests" */ = {
			isa = XCConfigurationList;
			buildConfigurations = (
				1CB9AF1027E8B94900046E2C /* Debug */,
				1CB9AF1127E8B94900046E2C /* Release */,
			);
			defaultConfigurationIsVisible = 0;
			defaultConfigurationName = Release;
		};
		1CB9AF1227E8B94900046E2C /* Build configuration list for PBXNativeTarget "CombineAndAsyncAwaitMVVMDemoUITests" */ = {
			isa = XCConfigurationList;
			buildConfigurations = (
				1CB9AF1327E8B94900046E2C /* Debug */,
				1CB9AF1427E8B94900046E2C /* Release */,
			);
			defaultConfigurationIsVisible = 0;
			defaultConfigurationName = Release;
		};
/* End XCConfigurationList section */
	};
	rootObject = 1CB9AEE027E8B94500046E2C /* Project object */;
}
